// !$*UTF8*$!
{
	archiveVersion = 1;
	classes = {
	};
	objectVersion = 56;
	objects = {

/* Begin PBXBuildFile section */
		DEC1751D2AAE99A7006C62F9 /* AppDelegate.swift in Sources */ = {isa = PBXBuildFile; fileRef = DEC1751C2AAE99A7006C62F9 /* AppDelegate.swift */; };
		DEC1751F2AAE99A7006C62F9 /* SceneDelegate.swift in Sources */ = {isa = PBXBuildFile; fileRef = DEC1751E2AAE99A7006C62F9 /* SceneDelegate.swift */; };
		DEC175212AAE99A7006C62F9 /* ViewController.swift in Sources */ = {isa = PBXBuildFile; fileRef = DEC175202AAE99A7006C62F9 /* ViewController.swift */; };
		DEC175242AAE99A7006C62F9 /* Main.storyboard in Resources */ = {isa = PBXBuildFile; fileRef = DEC175222AAE99A7006C62F9 /* Main.storyboard */; };
		DEC175262AAE99A9006C62F9 /* Assets.xcassets in Resources */ = {isa = PBXBuildFile; fileRef = DEC175252AAE99A9006C62F9 /* Assets.xcassets */; };
		DEC175292AAE99A9006C62F9 /* LaunchScreen.storyboard in Resources */ = {isa = PBXBuildFile; fileRef = DEC175272AAE99A9006C62F9 /* LaunchScreen.storyboard */; };
		DEC175482AAEB81E006C62F9 /* Localizable.strings in Resources */ = {isa = PBXBuildFile; fileRef = DEC1754A2AAEB81E006C62F9 /* Localizable.strings */; };
		DEC1754E2AAEBAEA006C62F9 /* Extension+String.swift in Sources */ = {isa = PBXBuildFile; fileRef = DEC1754D2AAEBAEA006C62F9 /* Extension+String.swift */; };
		DEC175512AAEBDD8006C62F9 /* InfoPlist.strings in Resources */ = {isa = PBXBuildFile; fileRef = DEC175532AAEBDD8006C62F9 /* InfoPlist.strings */; };
		DEC175602AAFED62006C62F9 /* LoginViewController.swift in Sources */ = {isa = PBXBuildFile; fileRef = DEC1755F2AAFED62006C62F9 /* LoginViewController.swift */; };
		DEC175642AAFF39E006C62F9 /* Observable.swift in Sources */ = {isa = PBXBuildFile; fileRef = DEC175632AAFF39E006C62F9 /* Observable.swift */; };
		DEC175662AAFFE03006C62F9 /* SampleViewController.swift in Sources */ = {isa = PBXBuildFile; fileRef = DEC175652AAFFE03006C62F9 /* SampleViewController.swift */; };
		DEC175682AB0015E006C62F9 /* SampleViewModel.swift in Sources */ = {isa = PBXBuildFile; fileRef = DEC175672AB0015E006C62F9 /* SampleViewModel.swift */; };
		DEC1756A2AB00E44006C62F9 /* LoginViewModel.swift in Sources */ = {isa = PBXBuildFile; fileRef = DEC175692AB00E44006C62F9 /* LoginViewModel.swift */; };
		DEC1757B2AB02B48006C62F9 /* APIService.swift in Sources */ = {isa = PBXBuildFile; fileRef = DEC175782AB02B48006C62F9 /* APIService.swift */; };
		DEC1757C2AB02B48006C62F9 /* Photo.swift in Sources */ = {isa = PBXBuildFile; fileRef = DEC175792AB02B48006C62F9 /* Photo.swift */; };
		DEC1757E2AB02BA2006C62F9 /* PhotoViewController.swift in Sources */ = {isa = PBXBuildFile; fileRef = DEC1757D2AB02BA2006C62F9 /* PhotoViewController.swift */; };
		DEC175802AB02DBA006C62F9 /* PhotoViewModel.swift in Sources */ = {isa = PBXBuildFile; fileRef = DEC1757F2AB02DBA006C62F9 /* PhotoViewModel.swift */; };
		DEC175822AB02F10006C62F9 /* .gitignore in Resources */ = {isa = PBXBuildFile; fileRef = DEC175812AB02F10006C62F9 /* .gitignore */; };
		DEC175842AB02F39006C62F9 /* APIKeys.swift in Sources */ = {isa = PBXBuildFile; fileRef = DEC175832AB02F39006C62F9 /* APIKeys.swift */; };
		DEC175942AB139E3006C62F9 /* CalculateViewController.swift in Sources */ = {isa = PBXBuildFile; fileRef = DEC175932AB139E3006C62F9 /* CalculateViewController.swift */; };
		DEC175962AB13AA8006C62F9 /* CalculateViewModel.swift in Sources */ = {isa = PBXBuildFile; fileRef = DEC175952AB13AA8006C62F9 /* CalculateViewModel.swift */; };
		DEC175982AB13DAC006C62F9 /* CalObservable.swift in Sources */ = {isa = PBXBuildFile; fileRef = DEC175972AB13DAC006C62F9 /* CalObservable.swift */; };
		DEC1759A2AB159A1006C62F9 /* CustomObservable.swift in Sources */ = {isa = PBXBuildFile; fileRef = DEC175992AB159A1006C62F9 /* CustomObservable.swift */; };
		DEC175D02AB29703006C62F9 /* SimpleTableViewController.swift in Sources */ = {isa = PBXBuildFile; fileRef = DEC175CF2AB29703006C62F9 /* SimpleTableViewController.swift */; };
		DEC175D22AB2A0C3006C62F9 /* NewSimpleCollectionView.swift in Sources */ = {isa = PBXBuildFile; fileRef = DEC175D12AB2A0C3006C62F9 /* NewSimpleCollectionView.swift */; };
		DEC175D52AB2A9D7006C62F9 /* SnapKit in Frameworks */ = {isa = PBXBuildFile; productRef = DEC175D42AB2A9D7006C62F9 /* SnapKit */; };
/* End PBXBuildFile section */

/* Begin PBXFileReference section */
		DEC175192AAE99A7006C62F9 /* SeSAC_UnsplashProject.app */ = {isa = PBXFileReference; explicitFileType = wrapper.application; includeInIndex = 0; path = SeSAC_UnsplashProject.app; sourceTree = BUILT_PRODUCTS_DIR; };
		DEC1751C2AAE99A7006C62F9 /* AppDelegate.swift */ = {isa = PBXFileReference; lastKnownFileType = sourcecode.swift; path = AppDelegate.swift; sourceTree = "<group>"; };
		DEC1751E2AAE99A7006C62F9 /* SceneDelegate.swift */ = {isa = PBXFileReference; lastKnownFileType = sourcecode.swift; path = SceneDelegate.swift; sourceTree = "<group>"; };
		DEC175202AAE99A7006C62F9 /* ViewController.swift */ = {isa = PBXFileReference; lastKnownFileType = sourcecode.swift; path = ViewController.swift; sourceTree = "<group>"; };
		DEC175232AAE99A7006C62F9 /* Base */ = {isa = PBXFileReference; lastKnownFileType = file.storyboard; name = Base; path = Base.lproj/Main.storyboard; sourceTree = "<group>"; };
		DEC175252AAE99A9006C62F9 /* Assets.xcassets */ = {isa = PBXFileReference; lastKnownFileType = folder.assetcatalog; path = Assets.xcassets; sourceTree = "<group>"; };
		DEC175282AAE99A9006C62F9 /* Base */ = {isa = PBXFileReference; lastKnownFileType = file.storyboard; name = Base; path = Base.lproj/LaunchScreen.storyboard; sourceTree = "<group>"; };
		DEC1752A2AAE99A9006C62F9 /* Info.plist */ = {isa = PBXFileReference; lastKnownFileType = text.plist.xml; path = Info.plist; sourceTree = "<group>"; };
		DEC175302AAE9CB3006C62F9 /* ko */ = {isa = PBXFileReference; lastKnownFileType = text.plist.strings; name = ko; path = ko.lproj/Main.strings; sourceTree = "<group>"; };
		DEC175312AAE9CB3006C62F9 /* ko */ = {isa = PBXFileReference; lastKnownFileType = text.plist.strings; name = ko; path = ko.lproj/LaunchScreen.strings; sourceTree = "<group>"; };
		DEC175322AAE9CD1006C62F9 /* ja */ = {isa = PBXFileReference; lastKnownFileType = text.plist.strings; name = ja; path = ja.lproj/Main.strings; sourceTree = "<group>"; };
		DEC175332AAE9CD1006C62F9 /* ja */ = {isa = PBXFileReference; lastKnownFileType = text.plist.strings; name = ja; path = ja.lproj/LaunchScreen.strings; sourceTree = "<group>"; };
		DEC175352AAE9DC8006C62F9 /* en */ = {isa = PBXFileReference; lastKnownFileType = text.plist.strings; name = en; path = en.lproj/Main.strings; sourceTree = "<group>"; };
		DEC175492AAEB81E006C62F9 /* en */ = {isa = PBXFileReference; lastKnownFileType = text.plist.strings; name = en; path = en.lproj/Localizable.strings; sourceTree = "<group>"; };
		DEC1754B2AAEB826006C62F9 /* ja */ = {isa = PBXFileReference; lastKnownFileType = text.plist.strings; name = ja; path = ja.lproj/Localizable.strings; sourceTree = "<group>"; };
		DEC1754C2AAEB826006C62F9 /* ko */ = {isa = PBXFileReference; lastKnownFileType = text.plist.strings; name = ko; path = ko.lproj/Localizable.strings; sourceTree = "<group>"; };
		DEC1754D2AAEBAEA006C62F9 /* Extension+String.swift */ = {isa = PBXFileReference; lastKnownFileType = sourcecode.swift; path = "Extension+String.swift"; sourceTree = "<group>"; };
		DEC175522AAEBDD8006C62F9 /* en */ = {isa = PBXFileReference; lastKnownFileType = text.plist.strings; name = en; path = en.lproj/InfoPlist.strings; sourceTree = "<group>"; };
		DEC175542AAEBDDC006C62F9 /* ja */ = {isa = PBXFileReference; lastKnownFileType = text.plist.strings; name = ja; path = ja.lproj/InfoPlist.strings; sourceTree = "<group>"; };
		DEC175552AAEBDDC006C62F9 /* ko */ = {isa = PBXFileReference; lastKnownFileType = text.plist.strings; name = ko; path = ko.lproj/InfoPlist.strings; sourceTree = "<group>"; };
		DEC1755F2AAFED62006C62F9 /* LoginViewController.swift */ = {isa = PBXFileReference; lastKnownFileType = sourcecode.swift; path = LoginViewController.swift; sourceTree = "<group>"; };
		DEC175632AAFF39E006C62F9 /* Observable.swift */ = {isa = PBXFileReference; lastKnownFileType = sourcecode.swift; path = Observable.swift; sourceTree = "<group>"; };
		DEC175652AAFFE03006C62F9 /* SampleViewController.swift */ = {isa = PBXFileReference; lastKnownFileType = sourcecode.swift; path = SampleViewController.swift; sourceTree = "<group>"; };
		DEC175672AB0015E006C62F9 /* SampleViewModel.swift */ = {isa = PBXFileReference; lastKnownFileType = sourcecode.swift; path = SampleViewModel.swift; sourceTree = "<group>"; };
		DEC175692AB00E44006C62F9 /* LoginViewModel.swift */ = {isa = PBXFileReference; lastKnownFileType = sourcecode.swift; path = LoginViewModel.swift; sourceTree = "<group>"; };
		DEC175782AB02B48006C62F9 /* APIService.swift */ = {isa = PBXFileReference; fileEncoding = 4; lastKnownFileType = sourcecode.swift; path = APIService.swift; sourceTree = "<group>"; };
		DEC175792AB02B48006C62F9 /* Photo.swift */ = {isa = PBXFileReference; fileEncoding = 4; lastKnownFileType = sourcecode.swift; path = Photo.swift; sourceTree = "<group>"; };
		DEC1757D2AB02BA2006C62F9 /* PhotoViewController.swift */ = {isa = PBXFileReference; lastKnownFileType = sourcecode.swift; path = PhotoViewController.swift; sourceTree = "<group>"; };
		DEC1757F2AB02DBA006C62F9 /* PhotoViewModel.swift */ = {isa = PBXFileReference; lastKnownFileType = sourcecode.swift; path = PhotoViewModel.swift; sourceTree = "<group>"; };
		DEC175812AB02F10006C62F9 /* .gitignore */ = {isa = PBXFileReference; lastKnownFileType = text; path = .gitignore; sourceTree = "<group>"; };
		DEC175832AB02F39006C62F9 /* APIKeys.swift */ = {isa = PBXFileReference; lastKnownFileType = sourcecode.swift; path = APIKeys.swift; sourceTree = "<group>"; };
		DEC175932AB139E3006C62F9 /* CalculateViewController.swift */ = {isa = PBXFileReference; lastKnownFileType = sourcecode.swift; path = CalculateViewController.swift; sourceTree = "<group>"; };
		DEC175952AB13AA8006C62F9 /* CalculateViewModel.swift */ = {isa = PBXFileReference; lastKnownFileType = sourcecode.swift; path = CalculateViewModel.swift; sourceTree = "<group>"; };
		DEC175972AB13DAC006C62F9 /* CalObservable.swift */ = {isa = PBXFileReference; lastKnownFileType = sourcecode.swift; path = CalObservable.swift; sourceTree = "<group>"; };
		DEC175992AB159A1006C62F9 /* CustomObservable.swift */ = {isa = PBXFileReference; lastKnownFileType = sourcecode.swift; path = CustomObservable.swift; sourceTree = "<group>"; };
		DEC175CF2AB29703006C62F9 /* SimpleTableViewController.swift */ = {isa = PBXFileReference; lastKnownFileType = sourcecode.swift; path = SimpleTableViewController.swift; sourceTree = "<group>"; };
		DEC175D12AB2A0C3006C62F9 /* NewSimpleCollectionView.swift */ = {isa = PBXFileReference; lastKnownFileType = sourcecode.swift; path = NewSimpleCollectionView.swift; sourceTree = "<group>"; };
/* End PBXFileReference section */

/* Begin PBXFrameworksBuildPhase section */
		DEC175162AAE99A7006C62F9 /* Frameworks */ = {
			isa = PBXFrameworksBuildPhase;
			buildActionMask = 2147483647;
			files = (
				DEC175D52AB2A9D7006C62F9 /* SnapKit in Frameworks */,
			);
			runOnlyForDeploymentPostprocessing = 0;
		};
/* End PBXFrameworksBuildPhase section */

/* Begin PBXGroup section */
		DEC175102AAE99A7006C62F9 = {
			isa = PBXGroup;
			children = (
				DEC1751B2AAE99A7006C62F9 /* SeSAC_UnsplashProject */,
				DEC1751A2AAE99A7006C62F9 /* Products */,
			);
			sourceTree = "<group>";
		};
		DEC1751A2AAE99A7006C62F9 /* Products */ = {
			isa = PBXGroup;
			children = (
				DEC175192AAE99A7006C62F9 /* SeSAC_UnsplashProject.app */,
			);
			name = Products;
			sourceTree = "<group>";
		};
		DEC1751B2AAE99A7006C62F9 /* SeSAC_UnsplashProject */ = {
			isa = PBXGroup;
			children = (
				DEC175CE2AB296DE006C62F9 /* New */,
				DEC175922AB139CA006C62F9 /* Calculate */,
				DEC175762AB02B48006C62F9 /* Photo */,
				DEC1755E2AAFED43006C62F9 /* Login */,
				DEC1751C2AAE99A7006C62F9 /* AppDelegate.swift */,
				DEC1751E2AAE99A7006C62F9 /* SceneDelegate.swift */,
				DEC175202AAE99A7006C62F9 /* ViewController.swift */,
				DEC175222AAE99A7006C62F9 /* Main.storyboard */,
				DEC175252AAE99A9006C62F9 /* Assets.xcassets */,
				DEC175272AAE99A9006C62F9 /* LaunchScreen.storyboard */,
				DEC1752A2AAE99A9006C62F9 /* Info.plist */,
				DEC1754A2AAEB81E006C62F9 /* Localizable.strings */,
				DEC1754D2AAEBAEA006C62F9 /* Extension+String.swift */,
				DEC175532AAEBDD8006C62F9 /* InfoPlist.strings */,
				DEC175812AB02F10006C62F9 /* .gitignore */,
			);
			path = SeSAC_UnsplashProject;
			sourceTree = "<group>";
		};
		DEC1755E2AAFED43006C62F9 /* Login */ = {
			isa = PBXGroup;
			children = (
				DEC1755F2AAFED62006C62F9 /* LoginViewController.swift */,
				DEC175692AB00E44006C62F9 /* LoginViewModel.swift */,
				DEC175632AAFF39E006C62F9 /* Observable.swift */,
				DEC175652AAFFE03006C62F9 /* SampleViewController.swift */,
				DEC175672AB0015E006C62F9 /* SampleViewModel.swift */,
			);
			path = Login;
			sourceTree = "<group>";
		};
		DEC175762AB02B48006C62F9 /* Photo */ = {
			isa = PBXGroup;
			children = (
				DEC175832AB02F39006C62F9 /* APIKeys.swift */,
				DEC175782AB02B48006C62F9 /* APIService.swift */,
				DEC175792AB02B48006C62F9 /* Photo.swift */,
				DEC1757D2AB02BA2006C62F9 /* PhotoViewController.swift */,
				DEC1757F2AB02DBA006C62F9 /* PhotoViewModel.swift */,
			);
			path = Photo;
			sourceTree = "<group>";
		};
		DEC175922AB139CA006C62F9 /* Calculate */ = {
			isa = PBXGroup;
			children = (
				DEC175932AB139E3006C62F9 /* CalculateViewController.swift */,
				DEC175952AB13AA8006C62F9 /* CalculateViewModel.swift */,
				DEC175972AB13DAC006C62F9 /* CalObservable.swift */,
				DEC175992AB159A1006C62F9 /* CustomObservable.swift */,
			);
			path = Calculate;
			sourceTree = "<group>";
		};
		DEC175CE2AB296DE006C62F9 /* New */ = {
			isa = PBXGroup;
			children = (
				DEC175CF2AB29703006C62F9 /* SimpleTableViewController.swift */,
				DEC175D12AB2A0C3006C62F9 /* NewSimpleCollectionView.swift */,
			);
			path = New;
			sourceTree = "<group>";
		};
/* End PBXGroup section */

/* Begin PBXNativeTarget section */
		DEC175182AAE99A7006C62F9 /* SeSAC_UnsplashProject */ = {
			isa = PBXNativeTarget;
			buildConfigurationList = DEC1752D2AAE99A9006C62F9 /* Build configuration list for PBXNativeTarget "SeSAC_UnsplashProject" */;
			buildPhases = (
				DEC175152AAE99A7006C62F9 /* Sources */,
				DEC175162AAE99A7006C62F9 /* Frameworks */,
				DEC175172AAE99A7006C62F9 /* Resources */,
			);
			buildRules = (
			);
			dependencies = (
			);
			name = SeSAC_UnsplashProject;
			packageProductDependencies = (
				DEC175D42AB2A9D7006C62F9 /* SnapKit */,
			);
			productName = SeSAC_UnsplashProject;
			productReference = DEC175192AAE99A7006C62F9 /* SeSAC_UnsplashProject.app */;
			productType = "com.apple.product-type.application";
		};
/* End PBXNativeTarget section */

/* Begin PBXProject section */
		DEC175112AAE99A7006C62F9 /* Project object */ = {
			isa = PBXProject;
			attributes = {
				BuildIndependentTargetsInParallel = 1;
				LastSwiftUpdateCheck = 1430;
				LastUpgradeCheck = 1430;
				TargetAttributes = {
					DEC175182AAE99A7006C62F9 = {
						CreatedOnToolsVersion = 14.3.1;
					};
				};
			};
			buildConfigurationList = DEC175142AAE99A7006C62F9 /* Build configuration list for PBXProject "SeSAC_UnsplashProject" */;
			compatibilityVersion = "Xcode 14.0";
			developmentRegion = en;
			hasScannedForEncodings = 0;
			knownRegions = (
				en,
				Base,
				ko,
				ja,
			);
			mainGroup = DEC175102AAE99A7006C62F9;
			packageReferences = (
				DEC175D32AB2A9D7006C62F9 /* XCRemoteSwiftPackageReference "SnapKit" */,
			);
			productRefGroup = DEC1751A2AAE99A7006C62F9 /* Products */;
			projectDirPath = "";
			projectRoot = "";
			targets = (
				DEC175182AAE99A7006C62F9 /* SeSAC_UnsplashProject */,
			);
		};
/* End PBXProject section */

/* Begin PBXResourcesBuildPhase section */
		DEC175172AAE99A7006C62F9 /* Resources */ = {
			isa = PBXResourcesBuildPhase;
			buildActionMask = 2147483647;
			files = (
				DEC175292AAE99A9006C62F9 /* LaunchScreen.storyboard in Resources */,
				DEC175482AAEB81E006C62F9 /* Localizable.strings in Resources */,
				DEC175262AAE99A9006C62F9 /* Assets.xcassets in Resources */,
				DEC175242AAE99A7006C62F9 /* Main.storyboard in Resources */,
				DEC175822AB02F10006C62F9 /* .gitignore in Resources */,
				DEC175512AAEBDD8006C62F9 /* InfoPlist.strings in Resources */,
			);
			runOnlyForDeploymentPostprocessing = 0;
		};
/* End PBXResourcesBuildPhase section */

/* Begin PBXSourcesBuildPhase section */
		DEC175152AAE99A7006C62F9 /* Sources */ = {
			isa = PBXSourcesBuildPhase;
			buildActionMask = 2147483647;
			files = (
				DEC1757C2AB02B48006C62F9 /* Photo.swift in Sources */,
				DEC1759A2AB159A1006C62F9 /* CustomObservable.swift in Sources */,
				DEC1754E2AAEBAEA006C62F9 /* Extension+String.swift in Sources */,
				DEC175842AB02F39006C62F9 /* APIKeys.swift in Sources */,
				DEC175212AAE99A7006C62F9 /* ViewController.swift in Sources */,
				DEC1751D2AAE99A7006C62F9 /* AppDelegate.swift in Sources */,
				DEC175602AAFED62006C62F9 /* LoginViewController.swift in Sources */,
				DEC1757B2AB02B48006C62F9 /* APIService.swift in Sources */,
				DEC175642AAFF39E006C62F9 /* Observable.swift in Sources */,
				DEC175D02AB29703006C62F9 /* SimpleTableViewController.swift in Sources */,
				DEC175942AB139E3006C62F9 /* CalculateViewController.swift in Sources */,
				DEC175D22AB2A0C3006C62F9 /* NewSimpleCollectionView.swift in Sources */,
				DEC1751F2AAE99A7006C62F9 /* SceneDelegate.swift in Sources */,
				DEC175982AB13DAC006C62F9 /* CalObservable.swift in Sources */,
				DEC175802AB02DBA006C62F9 /* PhotoViewModel.swift in Sources */,
				DEC175682AB0015E006C62F9 /* SampleViewModel.swift in Sources */,
				DEC175662AAFFE03006C62F9 /* SampleViewController.swift in Sources */,
				DEC175962AB13AA8006C62F9 /* CalculateViewModel.swift in Sources */,
				DEC1756A2AB00E44006C62F9 /* LoginViewModel.swift in Sources */,
				DEC1757E2AB02BA2006C62F9 /* PhotoViewController.swift in Sources */,
			);
			runOnlyForDeploymentPostprocessing = 0;
		};
/* End PBXSourcesBuildPhase section */

/* Begin PBXVariantGroup section */
		DEC175222AAE99A7006C62F9 /* Main.storyboard */ = {
			isa = PBXVariantGroup;
			children = (
				DEC175232AAE99A7006C62F9 /* Base */,
				DEC175302AAE9CB3006C62F9 /* ko */,
				DEC175322AAE9CD1006C62F9 /* ja */,
				DEC175352AAE9DC8006C62F9 /* en */,
			);
			name = Main.storyboard;
			sourceTree = "<group>";
		};
		DEC175272AAE99A9006C62F9 /* LaunchScreen.storyboard */ = {
			isa = PBXVariantGroup;
			children = (
				DEC175282AAE99A9006C62F9 /* Base */,
				DEC175312AAE9CB3006C62F9 /* ko */,
				DEC175332AAE9CD1006C62F9 /* ja */,
			);
			name = LaunchScreen.storyboard;
			sourceTree = "<group>";
		};
		DEC1754A2AAEB81E006C62F9 /* Localizable.strings */ = {
			isa = PBXVariantGroup;
			children = (
				DEC175492AAEB81E006C62F9 /* en */,
				DEC1754B2AAEB826006C62F9 /* ja */,
				DEC1754C2AAEB826006C62F9 /* ko */,
			);
			name = Localizable.strings;
			sourceTree = "<group>";
		};
		DEC175532AAEBDD8006C62F9 /* InfoPlist.strings */ = {
			isa = PBXVariantGroup;
			children = (
				DEC175522AAEBDD8006C62F9 /* en */,
				DEC175542AAEBDDC006C62F9 /* ja */,
				DEC175552AAEBDDC006C62F9 /* ko */,
			);
			name = InfoPlist.strings;
			sourceTree = "<group>";
		};
/* End PBXVariantGroup section */

/* Begin XCBuildConfiguration section */
		DEC1752B2AAE99A9006C62F9 /* Debug */ = {
			isa = XCBuildConfiguration;
			buildSettings = {
				ALWAYS_SEARCH_USER_PATHS = NO;
				CLANG_ANALYZER_LOCALIZABILITY_NONLOCALIZED = YES;
				CLANG_ANALYZER_NONNULL = YES;
				CLANG_ANALYZER_NUMBER_OBJECT_CONVERSION = YES_AGGRESSIVE;
				CLANG_CXX_LANGUAGE_STANDARD = "gnu++20";
				CLANG_ENABLE_MODULES = YES;
				CLANG_ENABLE_OBJC_ARC = YES;
				CLANG_ENABLE_OBJC_WEAK = YES;
				CLANG_WARN_BLOCK_CAPTURE_AUTORELEASING = YES;
				CLANG_WARN_BOOL_CONVERSION = YES;
				CLANG_WARN_COMMA = YES;
				CLANG_WARN_CONSTANT_CONVERSION = YES;
				CLANG_WARN_DEPRECATED_OBJC_IMPLEMENTATIONS = YES;
				CLANG_WARN_DIRECT_OBJC_ISA_USAGE = YES_ERROR;
				CLANG_WARN_DOCUMENTATION_COMMENTS = YES;
				CLANG_WARN_EMPTY_BODY = YES;
				CLANG_WARN_ENUM_CONVERSION = YES;
				CLANG_WARN_INFINITE_RECURSION = YES;
				CLANG_WARN_INT_CONVERSION = YES;
				CLANG_WARN_NON_LITERAL_NULL_CONVERSION = YES;
				CLANG_WARN_OBJC_IMPLICIT_RETAIN_SELF = YES;
				CLANG_WARN_OBJC_LITERAL_CONVERSION = YES;
				CLANG_WARN_OBJC_ROOT_CLASS = YES_ERROR;
				CLANG_WARN_QUOTED_INCLUDE_IN_FRAMEWORK_HEADER = YES;
				CLANG_WARN_RANGE_LOOP_ANALYSIS = YES;
				CLANG_WARN_STRICT_PROTOTYPES = YES;
				CLANG_WARN_SUSPICIOUS_MOVE = YES;
				CLANG_WARN_UNGUARDED_AVAILABILITY = YES_AGGRESSIVE;
				CLANG_WARN_UNREACHABLE_CODE = YES;
				CLANG_WARN__DUPLICATE_METHOD_MATCH = YES;
				COPY_PHASE_STRIP = NO;
				DEBUG_INFORMATION_FORMAT = dwarf;
				ENABLE_STRICT_OBJC_MSGSEND = YES;
				ENABLE_TESTABILITY = YES;
				GCC_C_LANGUAGE_STANDARD = gnu11;
				GCC_DYNAMIC_NO_PIC = NO;
				GCC_NO_COMMON_BLOCKS = YES;
				GCC_OPTIMIZATION_LEVEL = 0;
				GCC_PREPROCESSOR_DEFINITIONS = (
					"DEBUG=1",
					"$(inherited)",
				);
				GCC_WARN_64_TO_32_BIT_CONVERSION = YES;
				GCC_WARN_ABOUT_RETURN_TYPE = YES_ERROR;
				GCC_WARN_UNDECLARED_SELECTOR = YES;
				GCC_WARN_UNINITIALIZED_AUTOS = YES_AGGRESSIVE;
				GCC_WARN_UNUSED_FUNCTION = YES;
				GCC_WARN_UNUSED_VARIABLE = YES;
				IPHONEOS_DEPLOYMENT_TARGET = 16.4;
				MTL_ENABLE_DEBUG_INFO = INCLUDE_SOURCE;
				MTL_FAST_MATH = YES;
				ONLY_ACTIVE_ARCH = YES;
				SDKROOT = iphoneos;
				SWIFT_ACTIVE_COMPILATION_CONDITIONS = DEBUG;
				SWIFT_OPTIMIZATION_LEVEL = "-Onone";
			};
			name = Debug;
		};
		DEC1752C2AAE99A9006C62F9 /* Release */ = {
			isa = XCBuildConfiguration;
			buildSettings = {
				ALWAYS_SEARCH_USER_PATHS = NO;
				CLANG_ANALYZER_LOCALIZABILITY_NONLOCALIZED = YES;
				CLANG_ANALYZER_NONNULL = YES;
				CLANG_ANALYZER_NUMBER_OBJECT_CONVERSION = YES_AGGRESSIVE;
				CLANG_CXX_LANGUAGE_STANDARD = "gnu++20";
				CLANG_ENABLE_MODULES = YES;
				CLANG_ENABLE_OBJC_ARC = YES;
				CLANG_ENABLE_OBJC_WEAK = YES;
				CLANG_WARN_BLOCK_CAPTURE_AUTORELEASING = YES;
				CLANG_WARN_BOOL_CONVERSION = YES;
				CLANG_WARN_COMMA = YES;
				CLANG_WARN_CONSTANT_CONVERSION = YES;
				CLANG_WARN_DEPRECATED_OBJC_IMPLEMENTATIONS = YES;
				CLANG_WARN_DIRECT_OBJC_ISA_USAGE = YES_ERROR;
				CLANG_WARN_DOCUMENTATION_COMMENTS = YES;
				CLANG_WARN_EMPTY_BODY = YES;
				CLANG_WARN_ENUM_CONVERSION = YES;
				CLANG_WARN_INFINITE_RECURSION = YES;
				CLANG_WARN_INT_CONVERSION = YES;
				CLANG_WARN_NON_LITERAL_NULL_CONVERSION = YES;
				CLANG_WARN_OBJC_IMPLICIT_RETAIN_SELF = YES;
				CLANG_WARN_OBJC_LITERAL_CONVERSION = YES;
				CLANG_WARN_OBJC_ROOT_CLASS = YES_ERROR;
				CLANG_WARN_QUOTED_INCLUDE_IN_FRAMEWORK_HEADER = YES;
				CLANG_WARN_RANGE_LOOP_ANALYSIS = YES;
				CLANG_WARN_STRICT_PROTOTYPES = YES;
				CLANG_WARN_SUSPICIOUS_MOVE = YES;
				CLANG_WARN_UNGUARDED_AVAILABILITY = YES_AGGRESSIVE;
				CLANG_WARN_UNREACHABLE_CODE = YES;
				CLANG_WARN__DUPLICATE_METHOD_MATCH = YES;
				COPY_PHASE_STRIP = NO;
				DEBUG_INFORMATION_FORMAT = "dwarf-with-dsym";
				ENABLE_NS_ASSERTIONS = NO;
				ENABLE_STRICT_OBJC_MSGSEND = YES;
				GCC_C_LANGUAGE_STANDARD = gnu11;
				GCC_NO_COMMON_BLOCKS = YES;
				GCC_WARN_64_TO_32_BIT_CONVERSION = YES;
				GCC_WARN_ABOUT_RETURN_TYPE = YES_ERROR;
				GCC_WARN_UNDECLARED_SELECTOR = YES;
				GCC_WARN_UNINITIALIZED_AUTOS = YES_AGGRESSIVE;
				GCC_WARN_UNUSED_FUNCTION = YES;
				GCC_WARN_UNUSED_VARIABLE = YES;
				IPHONEOS_DEPLOYMENT_TARGET = 16.4;
				MTL_ENABLE_DEBUG_INFO = NO;
				MTL_FAST_MATH = YES;
				SDKROOT = iphoneos;
				SWIFT_COMPILATION_MODE = wholemodule;
				SWIFT_OPTIMIZATION_LEVEL = "-O";
				VALIDATE_PRODUCT = YES;
			};
			name = Release;
		};
		DEC1752E2AAE99A9006C62F9 /* Debug */ = {
			isa = XCBuildConfiguration;
			buildSettings = {
				ASSETCATALOG_COMPILER_APPICON_NAME = AppIcon;
				ASSETCATALOG_COMPILER_GLOBAL_ACCENT_COLOR_NAME = AccentColor;
				CODE_SIGN_STYLE = Automatic;
				CURRENT_PROJECT_VERSION = 1;
				DEVELOPMENT_TEAM = AYG8MBJF93;
				GENERATE_INFOPLIST_FILE = YES;
				INFOPLIST_FILE = SeSAC_UnsplashProject/Info.plist;
				INFOPLIST_KEY_UIApplicationSupportsIndirectInputEvents = YES;
				INFOPLIST_KEY_UILaunchStoryboardName = LaunchScreen;
				INFOPLIST_KEY_UIMainStoryboardFile = Main;
				INFOPLIST_KEY_UISupportedInterfaceOrientations_iPad = "UIInterfaceOrientationPortrait UIInterfaceOrientationPortraitUpsideDown UIInterfaceOrientationLandscapeLeft UIInterfaceOrientationLandscapeRight";
				INFOPLIST_KEY_UISupportedInterfaceOrientations_iPhone = "UIInterfaceOrientationPortrait UIInterfaceOrientationLandscapeLeft UIInterfaceOrientationLandscapeRight";
				LD_RUNPATH_SEARCH_PATHS = (
					"$(inherited)",
					"@executable_path/Frameworks",
				);
				MARKETING_VERSION = 1.0;
				PRODUCT_BUNDLE_IDENTIFIER = "ILWAT-com.github.SeSAC-UnsplashProject";
				PRODUCT_NAME = "$(TARGET_NAME)";
				SWIFT_EMIT_LOC_STRINGS = YES;
				SWIFT_VERSION = 5.0;
				TARGETED_DEVICE_FAMILY = "1,2";
			};
			name = Debug;
		};
		DEC1752F2AAE99A9006C62F9 /* Release */ = {
			isa = XCBuildConfiguration;
			buildSettings = {
				ASSETCATALOG_COMPILER_APPICON_NAME = AppIcon;
				ASSETCATALOG_COMPILER_GLOBAL_ACCENT_COLOR_NAME = AccentColor;
				CODE_SIGN_STYLE = Automatic;
				CURRENT_PROJECT_VERSION = 1;
				DEVELOPMENT_TEAM = AYG8MBJF93;
				GENERATE_INFOPLIST_FILE = YES;
				INFOPLIST_FILE = SeSAC_UnsplashProject/Info.plist;
				INFOPLIST_KEY_UIApplicationSupportsIndirectInputEvents = YES;
				INFOPLIST_KEY_UILaunchStoryboardName = LaunchScreen;
				INFOPLIST_KEY_UIMainStoryboardFile = Main;
				INFOPLIST_KEY_UISupportedInterfaceOrientations_iPad = "UIInterfaceOrientationPortrait UIInterfaceOrientationPortraitUpsideDown UIInterfaceOrientationLandscapeLeft UIInterfaceOrientationLandscapeRight";
				INFOPLIST_KEY_UISupportedInterfaceOrientations_iPhone = "UIInterfaceOrientationPortrait UIInterfaceOrientationLandscapeLeft UIInterfaceOrientationLandscapeRight";
				LD_RUNPATH_SEARCH_PATHS = (
					"$(inherited)",
					"@executable_path/Frameworks",
				);
				MARKETING_VERSION = 1.0;
				PRODUCT_BUNDLE_IDENTIFIER = "ILWAT-com.github.SeSAC-UnsplashProject";
				PRODUCT_NAME = "$(TARGET_NAME)";
				SWIFT_EMIT_LOC_STRINGS = YES;
				SWIFT_VERSION = 5.0;
				TARGETED_DEVICE_FAMILY = "1,2";
			};
			name = Release;
		};
/* End XCBuildConfiguration section */

/* Begin XCConfigurationList section */
		DEC175142AAE99A7006C62F9 /* Build configuration list for PBXProject "SeSAC_UnsplashProject" */ = {
			isa = XCConfigurationList;
			buildConfigurations = (
				DEC1752B2AAE99A9006C62F9 /* Debug */,
				DEC1752C2AAE99A9006C62F9 /* Release */,
			);
			defaultConfigurationIsVisible = 0;
			defaultConfigurationName = Release;
		};
		DEC1752D2AAE99A9006C62F9 /* Build configuration list for PBXNativeTarget "SeSAC_UnsplashProject" */ = {
			isa = XCConfigurationList;
			buildConfigurations = (
				DEC1752E2AAE99A9006C62F9 /* Debug */,
				DEC1752F2AAE99A9006C62F9 /* Release */,
			);
			defaultConfigurationIsVisible = 0;
			defaultConfigurationName = Release;
		};
/* End XCConfigurationList section */

/* Begin XCRemoteSwiftPackageReference section */
		DEC175D32AB2A9D7006C62F9 /* XCRemoteSwiftPackageReference "SnapKit" */ = {
			isa = XCRemoteSwiftPackageReference;
			repositoryURL = "https://github.com/SnapKit/SnapKit.git";
			requirement = {
				kind = upToNextMinorVersion;
				minimumVersion = 5.6.0;
			};
		};
/* End XCRemoteSwiftPackageReference section */

/* Begin XCSwiftPackageProductDependency section */
		DEC175D42AB2A9D7006C62F9 /* SnapKit */ = {
			isa = XCSwiftPackageProductDependency;
			package = DEC175D32AB2A9D7006C62F9 /* XCRemoteSwiftPackageReference "SnapKit" */;
			productName = SnapKit;
		};
/* End XCSwiftPackageProductDependency section */
	};
	rootObject = DEC175112AAE99A7006C62F9 /* Project object */;
}
